// !$*UTF8*$!
{
	archiveVersion = 1;
	classes = {
	};
	objectVersion = 46;
	objects = {

/* Begin PBXBuildFile section */
		FDECC12D1C27BD0300C9A067 /* AppDelegate.swift in Sources */ = {isa = PBXBuildFile; fileRef = FDECC12C1C27BD0300C9A067 /* AppDelegate.swift */; };
		FDECC12F1C27BD0300C9A067 /* ViewController.swift in Sources */ = {isa = PBXBuildFile; fileRef = FDECC12E1C27BD0300C9A067 /* ViewController.swift */; };
		FDECC1321C27BD0300C9A067 /* Main.storyboard in Resources */ = {isa = PBXBuildFile; fileRef = FDECC1301C27BD0300C9A067 /* Main.storyboard */; };
		FDECC1351C27BD0300C9A067 /* RPGOPP.xcdatamodeld in Sources */ = {isa = PBXBuildFile; fileRef = FDECC1331C27BD0300C9A067 /* RPGOPP.xcdatamodeld */; };
		FDECC1371C27BD0300C9A067 /* Assets.xcassets in Resources */ = {isa = PBXBuildFile; fileRef = FDECC1361C27BD0300C9A067 /* Assets.xcassets */; };
		FDECC13A1C27BD0300C9A067 /* LaunchScreen.storyboard in Resources */ = {isa = PBXBuildFile; fileRef = FDECC1381C27BD0300C9A067 /* LaunchScreen.storyboard */; };
/* End PBXBuildFile section */

/* Begin PBXFileReference section */
		FDECC1291C27BD0300C9A067 /* RPGOPP.app */ = {isa = PBXFileReference; explicitFileType = wrapper.application; includeInIndex = 0; path = RPGOPP.app; sourceTree = BUILT_PRODUCTS_DIR; };
		FDECC12C1C27BD0300C9A067 /* AppDelegate.swift */ = {isa = PBXFileReference; lastKnownFileType = sourcecode.swift; path = AppDelegate.swift; sourceTree = "<group>"; };
		FDECC12E1C27BD0300C9A067 /* ViewController.swift */ = {isa = PBXFileReference; lastKnownFileType = sourcecode.swift; path = ViewController.swift; sourceTree = "<group>"; };
		FDECC1311C27BD0300C9A067 /* Base */ = {isa = PBXFileReference; lastKnownFileType = file.storyboard; name = Base; path = Base.lproj/Main.storyboard; sourceTree = "<group>"; };
		FDECC1341C27BD0300C9A067 /* RPGOPP.xcdatamodel */ = {isa = PBXFileReference; lastKnownFileType = wrapper.xcdatamodel; path = RPGOPP.xcdatamodel; sourceTree = "<group>"; };
		FDECC1361C27BD0300C9A067 /* Assets.xcassets */ = {isa = PBXFileReference; lastKnownFileType = folder.assetcatalog; path = Assets.xcassets; sourceTree = "<group>"; };
		FDECC1391C27BD0300C9A067 /* Base */ = {isa = PBXFileReference; lastKnownFileType = file.storyboard; name = Base; path = Base.lproj/LaunchScreen.storyboard; sourceTree = "<group>"; };
		FDECC13B1C27BD0300C9A067 /* Info.plist */ = {isa = PBXFileReference; lastKnownFileType = text.plist.xml; path = Info.plist; sourceTree = "<group>"; };
/* End PBXFileReference section */

/* Begin PBXFrameworksBuildPhase section */
		FDECC1261C27BD0300C9A067 /* Frameworks */ = {
			isa = PBXFrameworksBuildPhase;
			buildActionMask = 2147483647;
			files = (
			);
			runOnlyForDeploymentPostprocessing = 0;
		};
/* End PBXFrameworksBuildPhase section */

/* Begin PBXGroup section */
		FDECC1201C27BD0300C9A067 = {
			isa = PBXGroup;
			children = (
				FDECC12B1C27BD0300C9A067 /* RPGOPP */,
				FDECC12A1C27BD0300C9A067 /* Products */,
			);
			sourceTree = "<group>";
		};
		FDECC12A1C27BD0300C9A067 /* Products */ = {
			isa = PBXGroup;
			children = (
				FDECC1291C27BD0300C9A067 /* RPGOPP.app */,
			);
			name = Products;
			sourceTree = "<group>";
		};
		FDECC12B1C27BD0300C9A067 /* RPGOPP */ = {
			isa = PBXGroup;
			children = (
				FDECC12C1C27BD0300C9A067 /* AppDelegate.swift */,
				FDECC12E1C27BD0300C9A067 /* ViewController.swift */,
				FDECC1301C27BD0300C9A067 /* Main.storyboard */,
				FDECC1361C27BD0300C9A067 /* Assets.xcassets */,
				FDECC1381C27BD0300C9A067 /* LaunchScreen.storyboard */,
				FDECC13B1C27BD0300C9A067 /* Info.plist */,
				FDECC1331C27BD0300C9A067 /* RPGOPP.xcdatamodeld */,
			);
			path = RPGOPP;
			sourceTree = "<group>";
		};
/* End PBXGroup section */

/* Begin PBXNativeTarget section */
		FDECC1281C27BD0300C9A067 /* RPGOPP */ = {
			isa = PBXNativeTarget;
			buildConfigurationList = FDECC13E1C27BD0300C9A067 /* Build configuration list for PBXNativeTarget "RPGOPP" */;
			buildPhases = (
				FDECC1251C27BD0300C9A067 /* Sources */,
				FDECC1261C27BD0300C9A067 /* Frameworks */,
				FDECC1271C27BD0300C9A067 /* Resources */,
			);
			buildRules = (
			);
			dependencies = (
			);
			name = RPGOPP;
			productName = RPGOPP;
			productReference = FDECC1291C27BD0300C9A067 /* RPGOPP.app */;
			productType = "com.apple.product-type.application";
		};
/* End PBXNativeTarget section */

/* Begin PBXProject section */
		FDECC1211C27BD0300C9A067 /* Project object */ = {
			isa = PBXProject;
			attributes = {
				LastSwiftUpdateCheck = 0720;
				LastUpgradeCheck = 0720;
				ORGANIZATIONNAME = "Thomas Kan";
				TargetAttributes = {
					FDECC1281C27BD0300C9A067 = {
						CreatedOnToolsVersion = 7.2;
					};
				};
			};
			buildConfigurationList = FDECC1241C27BD0300C9A067 /* Build configuration list for PBXProject "RPGOPP" */;
			compatibilityVersion = "Xcode 3.2";
			developmentRegion = English;
			hasScannedForEncodings = 0;
			knownRegions = (
				en,
				Base,
			);
			mainGroup = FDECC1201C27BD0300C9A067;
			productRefGroup = FDECC12A1C27BD0300C9A067 /* Products */;
			projectDirPath = "";
			projectRoot = "";
			targets = (
				FDECC1281C27BD0300C9A067 /* RPGOPP */,
			);
		};
/* End PBXProject section */

/* Begin PBXResourcesBuildPhase section */
		FDECC1271C27BD0300C9A067 /* Resources */ = {
			isa = PBXResourcesBuildPhase;
			buildActionMask = 2147483647;
			files = (
				FDECC13A1C27BD0300C9A067 /* LaunchScreen.storyboard in Resources */,
				FDECC1371C27BD0300C9A067 /* Assets.xcassets in Resources */,
				FDECC1321C27BD0300C9A067 /* Main.storyboard in Resources */,
			);
			runOnlyForDeploymentPostprocessing = 0;
		};
/* End PBXResourcesBuildPhase section */

/* Begin PBXSourcesBuildPhase section */
		FDECC1251C27BD0300C9A067 /* Sources */ = {
			isa = PBXSourcesBuildPhase;
			buildActionMask = 2147483647;
			files = (
				FDECC1351C27BD0300C9A067 /* RPGOPP.xcdatamodeld in Sources */,
				FDECC12F1C27BD0300C9A067 /* ViewController.swift in Sources */,
				FDECC12D1C27BD0300C9A067 /* AppDelegate.swift in Sources */,
			);
			runOnlyForDeploymentPostprocessing = 0;
		};
/* End PBXSourcesBuildPhase section */

/* Begin PBXVariantGroup section */
		FDECC1301C27BD0300C9A067 /* Main.storyboard */ = {
			isa = PBXVariantGroup;
			children = (
				FDECC1311C27BD0300C9A067 /* Base */,
			);
			name = Main.storyboard;
			sourceTree = "<group>";
		};
		FDECC1381C27BD0300C9A067 /* LaunchScreen.storyboard */ = {
			isa = PBXVariantGroup;
			children = (
				FDECC1391C27BD0300C9A067 /* Base */,
			);
			name = LaunchScreen.storyboard;
			sourceTree = "<group>";
		};
/* End PBXVariantGroup section */

/* Begin XCBuildConfiguration section */
		FDECC13C1C27BD0300C9A067 /* Debug */ = {
			isa = XCBuildConfiguration;
			buildSettings = {
				ALWAYS_SEARCH_USER_PATHS = NO;
				CLANG_CXX_LANGUAGE_STANDARD = "gnu++0x";
				CLANG_CXX_LIBRARY = "libc++";
				CLANG_ENABLE_MODULES = YES;
				CLANG_ENABLE_OBJC_ARC = YES;
				CLANG_WARN_BOOL_CONVERSION = YES;
				CLANG_WARN_CONSTANT_CONVERSION = YES;
				CLANG_WARN_DIRECT_OBJC_ISA_USAGE = YES_ERROR;
				CLANG_WARN_EMPTY_BODY = YES;
				CLANG_WARN_ENUM_CONVERSION = YES;
				CLANG_WARN_INT_CONVERSION = YES;
				CLANG_WARN_OBJC_ROOT_CLASS = YES_ERROR;
				CLANG_WARN_UNREACHABLE_CODE = YES;
				CLANG_WARN__DUPLICATE_METHOD_MATCH = YES;
				"CODE_SIGN_IDENTITY[sdk=iphoneos*]" = "iPhone Developer";
				COPY_PHASE_STRIP = NO;
				DEBUG_INFORMATION_FORMAT = dwarf;
				ENABLE_STRICT_OBJC_MSGSEND = YES;
				ENABLE_TESTABILITY = YES;
				GCC_C_LANGUAGE_STANDARD = gnu99;
				GCC_DYNAMIC_NO_PIC = NO;
				GCC_NO_COMMON_BLOCKS = YES;
				GCC_OPTIMIZATION_LEVEL = 0;
				GCC_PREPROCESSOR_DEFINITIONS = (
					"DEBUG=1",
					"$(inherited)",
				);
				GCC_WARN_64_TO_32_BIT_CONVERSION = YES;
				GCC_WARN_ABOUT_RETURN_TYPE = YES_ERROR;
				GCC_WARN_UNDECLARED_SELECTOR = YES;
				GCC_WARN_UNINITIALIZED_AUTOS = YES_AGGRESSIVE;
				GCC_WARN_UNUSED_FUNCTION = YES;
				GCC_WARN_UNUSED_VARIABLE = YES;
				IPHONEOS_DEPLOYMENT_TARGET = 9.2;
				MTL_ENABLE_DEBUG_INFO = YES;
				ONLY_ACTIVE_ARCH = YES;
				SDKROOT = iphoneos;
				SWIFT_OPTIMIZATION_LEVEL = "-Onone";
				TARGETED_DEVICE_FAMILY = "1,2";
			};
			name = Debug;
		};
		FDECC13D1C27BD0300C9A067 /* Release */ = {
			isa = XCBuildConfiguration;
			buildSettings = {
				ALWAYS_SEARCH_USER_PATHS = NO;
				CLANG_CXX_LANGUAGE_STANDARD = "gnu++0x";
				CLANG_CXX_LIBRARY = "libc++";
				CLANG_ENABLE_MODULES = YES;
				CLANG_ENABLE_OBJC_ARC = YES;
				CLANG_WARN_BOOL_CONVERSION = YES;
				CLANG_WARN_CONSTANT_CONVERSION = YES;
				CLANG_WARN_DIRECT_OBJC_ISA_USAGE = YES_ERROR;
				CLANG_WARN_EMPTY_BODY = YES;
				CLANG_WARN_ENUM_CONVERSION = YES;
				CLANG_WARN_INT_CONVERSION = YES;
				CLANG_WARN_OBJC_ROOT_CLASS = YES_ERROR;
				CLANG_WARN_UNREACHABLE_CODE = YES;
				CLANG_WARN__DUPLICATE_METHOD_MATCH = YES;
				"CODE_SIGN_IDENTITY[sdk=iphoneos*]" = "iPhone Developer";
				COPY_PHASE_STRIP = NO;
				DEBUG_INFORMATION_FORMAT = "dwarf-with-dsym";
				ENABLE_NS_ASSERTIONS = NO;
				ENABLE_STRICT_OBJC_MSGSEND = YES;
				GCC_C_LANGUAGE_STANDARD = gnu99;
				GCC_NO_COMMON_BLOCKS = YES;
				GCC_WARN_64_TO_32_BIT_CONVERSION = YES;
				GCC_WARN_ABOUT_RETURN_TYPE = YES_ERROR;
				GCC_WARN_UNDECLARED_SELECTOR = YES;
				GCC_WARN_UNINITIALIZED_AUTOS = YES_AGGRESSIVE;
				GCC_WARN_UNUSED_FUNCTION = YES;
				GCC_WARN_UNUSED_VARIABLE = YES;
				IPHONEOS_DEPLOYMENT_TARGET = 9.2;
				MTL_ENABLE_DEBUG_INFO = NO;
				SDKROOT = iphoneos;
				TARGETED_DEVICE_FAMILY = "1,2";
				VALIDATE_PRODUCT = YES;
			};
			name = Release;
		};
		FDECC13F1C27BD0300C9A067 /* Debug */ = {
			isa = XCBuildConfiguration;
			buildSettings = {
				ASSETCATALOG_COMPILER_APPICON_NAME = AppIcon;
				INFOPLIST_FILE = RPGOPP/Info.plist;
				LD_RUNPATH_SEARCH_PATHS = "$(inherited) @executable_path/Frameworks";
				PRODUCT_BUNDLE_IDENTIFIER = com.ikanmakeit.RPGOPP;
				PRODUCT_NAME = "$(TARGET_NAME)";
			};
			name = Debug;
		};
		FDECC1401C27BD0300C9A067 /* Release */ = {
			isa = XCBuildConfiguration;
			buildSettings = {
				ASSETCATALOG_COMPILER_APPICON_NAME = AppIcon;
				INFOPLIST_FILE = RPGOPP/Info.plist;
				LD_RUNPATH_SEARCH_PATHS = "$(inherited) @executable_path/Frameworks";
				PRODUCT_BUNDLE_IDENTIFIER = com.ikanmakeit.RPGOPP;
				PRODUCT_NAME = "$(TARGET_NAME)";
			};
			name = Release;
		};
/* End XCBuildConfiguration section */

/* Begin XCConfigurationList section */
		FDECC1241C27BD0300C9A067 /* Build configuration list for PBXProject "RPGOPP" */ = {
			isa = XCConfigurationList;
			buildConfigurations = (
				FDECC13C1C27BD0300C9A067 /* Debug */,
				FDECC13D1C27BD0300C9A067 /* Release */,
			);
			defaultConfigurationIsVisible = 0;
			defaultConfigurationName = Release;
		};
		FDECC13E1C27BD0300C9A067 /* Build configuration list for PBXNativeTarget "RPGOPP" */ = {
			isa = XCConfigurationList;
			buildConfigurations = (
				FDECC13F1C27BD0300C9A067 /* Debug */,
				FDECC1401C27BD0300C9A067 /* Release */,
			);
			defaultConfigurationIsVisible = 0;
		};
/* End XCConfigurationList section */

/* Begin XCVersionGroup section */
		FDECC1331C27BD0300C9A067 /* RPGOPP.xcdatamodeld */ = {
			isa = XCVersionGroup;
			children = (
				FDECC1341C27BD0300C9A067 /* RPGOPP.xcdatamodel */,
			);
			currentVersion = FDECC1341C27BD0300C9A067 /* RPGOPP.xcdatamodel */;
			path = RPGOPP.xcdatamodeld;
			sourceTree = "<group>";
			versionGroupType = wrapper.xcdatamodel;
		};
/* End XCVersionGroup section */
	};
	rootObject = FDECC1211C27BD0300C9A067 /* Project object */;
}
